// !$*UTF8*$!
{
	archiveVersion = 1;
	classes = {
	};
	objectVersion = 46;
	objects = {

/* Begin PBXBuildFile section */
		969D7A3417DBCA4100E8EFD6 /* ISModelStore.m in Sources */ = {isa = PBXBuildFile; fileRef = 969D7A3317DBCA4100E8EFD6 /* ISModelStore.m */; };
		969D7A3717DBCB1D00E8EFD6 /* ISModelTests.m in Sources */ = {isa = PBXBuildFile; fileRef = 969D7A3617DBCB1D00E8EFD6 /* ISModelTests.m */; };
		C9D46C2D17D57B1600D35C4A /* Foundation.framework in Frameworks */ = {isa = PBXBuildFile; fileRef = C9D46C2C17D57B1600D35C4A /* Foundation.framework */; };
		C9D46C3217D57B1600D35C4A /* InfoStructure.h in CopyFiles */ = {isa = PBXBuildFile; fileRef = C9D46C3117D57B1600D35C4A /* InfoStructure.h */; };
		C9D46C3417D57B1600D35C4A /* InfoStructure.m in Sources */ = {isa = PBXBuildFile; fileRef = C9D46C3317D57B1600D35C4A /* InfoStructure.m */; };
		C9D46C3B17D57B1600D35C4A /* XCTest.framework in Frameworks */ = {isa = PBXBuildFile; fileRef = C9D46C3A17D57B1600D35C4A /* XCTest.framework */; };
		C9D46C3C17D57B1600D35C4A /* Foundation.framework in Frameworks */ = {isa = PBXBuildFile; fileRef = C9D46C2C17D57B1600D35C4A /* Foundation.framework */; };
		C9D46C3E17D57B1600D35C4A /* UIKit.framework in Frameworks */ = {isa = PBXBuildFile; fileRef = C9D46C3D17D57B1600D35C4A /* UIKit.framework */; };
		C9D46C4117D57B1600D35C4A /* libInfoStructure.a in Frameworks */ = {isa = PBXBuildFile; fileRef = C9D46C2917D57B1600D35C4A /* libInfoStructure.a */; };
		C9D46C4717D57B1600D35C4A /* InfoPlist.strings in Resources */ = {isa = PBXBuildFile; fileRef = C9D46C4517D57B1600D35C4A /* InfoPlist.strings */; };
		C9D46C4917D57B1600D35C4A /* InfoStructureTests.m in Sources */ = {isa = PBXBuildFile; fileRef = C9D46C4817D57B1600D35C4A /* InfoStructureTests.m */; };
		C9D46C5C17D57E7900D35C4A /* NSAttributeDescription+ValueCoercion.m in Sources */ = {isa = PBXBuildFile; fileRef = C9D46C5317D57E7900D35C4A /* NSAttributeDescription+ValueCoercion.m */; };
		C9D46C5D17D57E7900D35C4A /* ISTableViewController.m in Sources */ = {isa = PBXBuildFile; fileRef = C9D46C5517D57E7900D35C4A /* ISTableViewController.m */; };
		C9D46C5E17D57E7900D35C4A /* ISIndexViewController.m in Sources */ = {isa = PBXBuildFile; fileRef = C9D46C5717D57E7900D35C4A /* ISIndexViewController.m */; };
		C9D46C5F17D57E7900D35C4A /* ISEntitiesAsResultsController.m in Sources */ = {isa = PBXBuildFile; fileRef = C9D46C5917D57E7900D35C4A /* ISEntitiesAsResultsController.m */; };
		C9D46C6017D57E7900D35C4A /* ISResultsController.m in Sources */ = {isa = PBXBuildFile; fileRef = C9D46C5B17D57E7900D35C4A /* ISResultsController.m */; };
		C9D46C6617D619F600D35C4A /* ISRelay.m in Sources */ = {isa = PBXBuildFile; fileRef = C9D46C6517D619F600D35C4A /* ISRelay.m */; };
		C9D46D0417D6DE4700D35C4A /* EXTNil.m in Sources */ = {isa = PBXBuildFile; fileRef = C9D46D0317D6DE4700D35C4A /* EXTNil.m */; };
		C9D46D0717D6DED500D35C4A /* EXTRuntimeExtensions.m in Sources */ = {isa = PBXBuildFile; fileRef = C9D46D0617D6DED500D35C4A /* EXTRuntimeExtensions.m */; };
		C9E0F3B217DAA72A00AB7ADC /* ISCommand.m in Sources */ = {isa = PBXBuildFile; fileRef = C9E0F3B117DAA72A00AB7ADC /* ISCommand.m */; };
		C9E0F3B517DAB01700AB7ADC /* ISCommandList.m in Sources */ = {isa = PBXBuildFile; fileRef = C9E0F3B417DAB01700AB7ADC /* ISCommandList.m */; };
/* End PBXBuildFile section */

/* Begin PBXContainerItemProxy section */
		C9D46C3F17D57B1600D35C4A /* PBXContainerItemProxy */ = {
			isa = PBXContainerItemProxy;
			containerPortal = C9D46C2117D57B1600D35C4A /* Project object */;
			proxyType = 1;
			remoteGlobalIDString = C9D46C2817D57B1600D35C4A;
			remoteInfo = InfoStructure;
		};
/* End PBXContainerItemProxy section */

/* Begin PBXCopyFilesBuildPhase section */
		C9D46C2717D57B1600D35C4A /* CopyFiles */ = {
			isa = PBXCopyFilesBuildPhase;
			buildActionMask = 2147483647;
			dstPath = "include/$(PRODUCT_NAME)";
			dstSubfolderSpec = 16;
			files = (
				C9D46C3217D57B1600D35C4A /* InfoStructure.h in CopyFiles */,
			);
			runOnlyForDeploymentPostprocessing = 0;
		};
/* End PBXCopyFilesBuildPhase section */

/* Begin PBXFileReference section */
		969D7A3217DBCA4100E8EFD6 /* ISModelStore.h */ = {isa = PBXFileReference; fileEncoding = 4; lastKnownFileType = sourcecode.c.h; path = ISModelStore.h; sourceTree = "<group>"; };
		969D7A3317DBCA4100E8EFD6 /* ISModelStore.m */ = {isa = PBXFileReference; fileEncoding = 4; lastKnownFileType = sourcecode.c.objc; path = ISModelStore.m; sourceTree = "<group>"; };
		969D7A3517DBCA5300E8EFD6 /* InfoStructure.podspec */ = {isa = PBXFileReference; fileEncoding = 4; lastKnownFileType = text; path = InfoStructure.podspec; sourceTree = SOURCE_ROOT; };
		969D7A3617DBCB1D00E8EFD6 /* ISModelTests.m */ = {isa = PBXFileReference; fileEncoding = 4; lastKnownFileType = sourcecode.c.objc; path = ISModelTests.m; sourceTree = "<group>"; };
		C9D46C2917D57B1600D35C4A /* libInfoStructure.a */ = {isa = PBXFileReference; explicitFileType = archive.ar; includeInIndex = 0; path = libInfoStructure.a; sourceTree = BUILT_PRODUCTS_DIR; };
		C9D46C2C17D57B1600D35C4A /* Foundation.framework */ = {isa = PBXFileReference; lastKnownFileType = wrapper.framework; name = Foundation.framework; path = System/Library/Frameworks/Foundation.framework; sourceTree = SDKROOT; };
		C9D46C3017D57B1600D35C4A /* InfoStructure-Prefix.pch */ = {isa = PBXFileReference; lastKnownFileType = sourcecode.c.h; path = "InfoStructure-Prefix.pch"; sourceTree = "<group>"; };
		C9D46C3117D57B1600D35C4A /* InfoStructure.h */ = {isa = PBXFileReference; lastKnownFileType = sourcecode.c.h; path = InfoStructure.h; sourceTree = "<group>"; };
		C9D46C3317D57B1600D35C4A /* InfoStructure.m */ = {isa = PBXFileReference; lastKnownFileType = sourcecode.c.objc; path = InfoStructure.m; sourceTree = "<group>"; };
		C9D46C3917D57B1600D35C4A /* InfoStructureTests.xctest */ = {isa = PBXFileReference; explicitFileType = wrapper.cfbundle; includeInIndex = 0; path = InfoStructureTests.xctest; sourceTree = BUILT_PRODUCTS_DIR; };
		C9D46C3A17D57B1600D35C4A /* XCTest.framework */ = {isa = PBXFileReference; lastKnownFileType = wrapper.framework; name = XCTest.framework; path = Library/Frameworks/XCTest.framework; sourceTree = DEVELOPER_DIR; };
		C9D46C3D17D57B1600D35C4A /* UIKit.framework */ = {isa = PBXFileReference; lastKnownFileType = wrapper.framework; name = UIKit.framework; path = Library/Frameworks/UIKit.framework; sourceTree = DEVELOPER_DIR; };
		C9D46C4417D57B1600D35C4A /* InfoStructureTests-Info.plist */ = {isa = PBXFileReference; lastKnownFileType = text.plist.xml; path = "InfoStructureTests-Info.plist"; sourceTree = "<group>"; };
		C9D46C4617D57B1600D35C4A /* en */ = {isa = PBXFileReference; lastKnownFileType = text.plist.strings; name = en; path = en.lproj/InfoPlist.strings; sourceTree = "<group>"; };
		C9D46C4817D57B1600D35C4A /* InfoStructureTests.m */ = {isa = PBXFileReference; lastKnownFileType = sourcecode.c.objc; path = InfoStructureTests.m; sourceTree = "<group>"; };
		C9D46C5217D57E7900D35C4A /* NSAttributeDescription+ValueCoercion.h */ = {isa = PBXFileReference; fileEncoding = 4; lastKnownFileType = sourcecode.c.h; path = "NSAttributeDescription+ValueCoercion.h"; sourceTree = "<group>"; };
		C9D46C5317D57E7900D35C4A /* NSAttributeDescription+ValueCoercion.m */ = {isa = PBXFileReference; fileEncoding = 4; lastKnownFileType = sourcecode.c.objc; path = "NSAttributeDescription+ValueCoercion.m"; sourceTree = "<group>"; };
		C9D46C5417D57E7900D35C4A /* ISTableViewController.h */ = {isa = PBXFileReference; fileEncoding = 4; lastKnownFileType = sourcecode.c.h; path = ISTableViewController.h; sourceTree = "<group>"; };
		C9D46C5517D57E7900D35C4A /* ISTableViewController.m */ = {isa = PBXFileReference; fileEncoding = 4; lastKnownFileType = sourcecode.c.objc; path = ISTableViewController.m; sourceTree = "<group>"; };
		C9D46C5617D57E7900D35C4A /* ISIndexViewController.h */ = {isa = PBXFileReference; fileEncoding = 4; lastKnownFileType = sourcecode.c.h; path = ISIndexViewController.h; sourceTree = "<group>"; };
		C9D46C5717D57E7900D35C4A /* ISIndexViewController.m */ = {isa = PBXFileReference; fileEncoding = 4; lastKnownFileType = sourcecode.c.objc; path = ISIndexViewController.m; sourceTree = "<group>"; };
		C9D46C5817D57E7900D35C4A /* ISEntitiesAsResultsController.h */ = {isa = PBXFileReference; fileEncoding = 4; lastKnownFileType = sourcecode.c.h; path = ISEntitiesAsResultsController.h; sourceTree = "<group>"; };
		C9D46C5917D57E7900D35C4A /* ISEntitiesAsResultsController.m */ = {isa = PBXFileReference; fileEncoding = 4; lastKnownFileType = sourcecode.c.objc; path = ISEntitiesAsResultsController.m; sourceTree = "<group>"; };
		C9D46C5A17D57E7900D35C4A /* ISResultsController.h */ = {isa = PBXFileReference; fileEncoding = 4; lastKnownFileType = sourcecode.c.h; path = ISResultsController.h; sourceTree = "<group>"; };
		C9D46C5B17D57E7900D35C4A /* ISResultsController.m */ = {isa = PBXFileReference; fileEncoding = 4; lastKnownFileType = sourcecode.c.objc; path = ISResultsController.m; sourceTree = "<group>"; };
		C9D46C6417D619F600D35C4A /* ISRelay.h */ = {isa = PBXFileReference; fileEncoding = 4; lastKnownFileType = sourcecode.c.h; path = ISRelay.h; sourceTree = "<group>"; };
		C9D46C6517D619F600D35C4A /* ISRelay.m */ = {isa = PBXFileReference; fileEncoding = 4; lastKnownFileType = sourcecode.c.objc; path = ISRelay.m; sourceTree = "<group>"; };
		C9D46D0217D6DE4700D35C4A /* EXTNil.h */ = {isa = PBXFileReference; fileEncoding = 4; lastKnownFileType = sourcecode.c.h; path = EXTNil.h; sourceTree = "<group>"; };
		C9D46D0317D6DE4700D35C4A /* EXTNil.m */ = {isa = PBXFileReference; fileEncoding = 4; lastKnownFileType = sourcecode.c.objc; path = EXTNil.m; sourceTree = "<group>"; };
		C9D46D0517D6DE7200D35C4A /* EXTRuntimeExtensions.h */ = {isa = PBXFileReference; fileEncoding = 4; lastKnownFileType = sourcecode.c.h; path = EXTRuntimeExtensions.h; sourceTree = "<group>"; };
		C9D46D0617D6DED500D35C4A /* EXTRuntimeExtensions.m */ = {isa = PBXFileReference; fileEncoding = 4; lastKnownFileType = sourcecode.c.objc; path = EXTRuntimeExtensions.m; sourceTree = "<group>"; };
		C9E0F3B017DAA72A00AB7ADC /* ISCommand.h */ = {isa = PBXFileReference; fileEncoding = 4; lastKnownFileType = sourcecode.c.h; path = ISCommand.h; sourceTree = "<group>"; };
		C9E0F3B117DAA72A00AB7ADC /* ISCommand.m */ = {isa = PBXFileReference; fileEncoding = 4; lastKnownFileType = sourcecode.c.objc; path = ISCommand.m; sourceTree = "<group>"; };
		C9E0F3B317DAB01700AB7ADC /* ISCommandList.h */ = {isa = PBXFileReference; fileEncoding = 4; lastKnownFileType = sourcecode.c.h; path = ISCommandList.h; sourceTree = "<group>"; };
		C9E0F3B417DAB01700AB7ADC /* ISCommandList.m */ = {isa = PBXFileReference; fileEncoding = 4; lastKnownFileType = sourcecode.c.objc; path = ISCommandList.m; sourceTree = "<group>"; };
		C9E0F3B617DB6E5D00AB7ADC /* InfoStructure.podspec */ = {isa = PBXFileReference; explicitFileType = text.script.ruby; fileEncoding = 4; path = InfoStructure.podspec; sourceTree = "<group>"; };
/* End PBXFileReference section */

/* Begin PBXFrameworksBuildPhase section */
		C9D46C2617D57B1600D35C4A /* Frameworks */ = {
			isa = PBXFrameworksBuildPhase;
			buildActionMask = 2147483647;
			files = (
				C9D46C2D17D57B1600D35C4A /* Foundation.framework in Frameworks */,
			);
			runOnlyForDeploymentPostprocessing = 0;
		};
		C9D46C3617D57B1600D35C4A /* Frameworks */ = {
			isa = PBXFrameworksBuildPhase;
			buildActionMask = 2147483647;
			files = (
				C9D46C3B17D57B1600D35C4A /* XCTest.framework in Frameworks */,
				C9D46C4117D57B1600D35C4A /* libInfoStructure.a in Frameworks */,
				C9D46C3E17D57B1600D35C4A /* UIKit.framework in Frameworks */,
				C9D46C3C17D57B1600D35C4A /* Foundation.framework in Frameworks */,
			);
			runOnlyForDeploymentPostprocessing = 0;
		};
/* End PBXFrameworksBuildPhase section */

/* Begin PBXGroup section */
		C9D46C2017D57B1600D35C4A = {
			isa = PBXGroup;
			children = (
				C9D46C2E17D57B1600D35C4A /* InfoStructure */,
				C9D46C4217D57B1600D35C4A /* InfoStructureTests */,
				C9D46C2B17D57B1600D35C4A /* Frameworks */,
				C9D46C2A17D57B1600D35C4A /* Products */,
			);
			sourceTree = "<group>";
		};
		C9D46C2A17D57B1600D35C4A /* Products */ = {
			isa = PBXGroup;
			children = (
				C9D46C2917D57B1600D35C4A /* libInfoStructure.a */,
				C9D46C3917D57B1600D35C4A /* InfoStructureTests.xctest */,
			);
			name = Products;
			sourceTree = "<group>";
		};
		C9D46C2B17D57B1600D35C4A /* Frameworks */ = {
			isa = PBXGroup;
			children = (
				C9D46C2C17D57B1600D35C4A /* Foundation.framework */,
				C9D46C3A17D57B1600D35C4A /* XCTest.framework */,
				C9D46C3D17D57B1600D35C4A /* UIKit.framework */,
			);
			name = Frameworks;
			sourceTree = "<group>";
		};
		C9D46C2E17D57B1600D35C4A /* InfoStructure */ = {
			isa = PBXGroup;
			children = (
				969D7A3517DBCA5300E8EFD6 /* InfoStructure.podspec */,
				969D7A3217DBCA4100E8EFD6 /* ISModelStore.h */,
				969D7A3317DBCA4100E8EFD6 /* ISModelStore.m */,
				C9E0F3B617DB6E5D00AB7ADC /* InfoStructure.podspec */,
				C9D46D0817D6DEEA00D35C4A /* extobjc */,
				C9D46C6417D619F600D35C4A /* ISRelay.h */,
				C9D46C6517D619F600D35C4A /* ISRelay.m */,
				C9E0F3B017DAA72A00AB7ADC /* ISCommand.h */,
				C9E0F3B117DAA72A00AB7ADC /* ISCommand.m */,
				C9E0F3B317DAB01700AB7ADC /* ISCommandList.h */,
				C9E0F3B417DAB01700AB7ADC /* ISCommandList.m */,
				C9D46C5217D57E7900D35C4A /* NSAttributeDescription+ValueCoercion.h */,
				C9D46C5317D57E7900D35C4A /* NSAttributeDescription+ValueCoercion.m */,
				C9D46C5417D57E7900D35C4A /* ISTableViewController.h */,
				C9D46C5517D57E7900D35C4A /* ISTableViewController.m */,
				C9D46C5617D57E7900D35C4A /* ISIndexViewController.h */,
				C9D46C5717D57E7900D35C4A /* ISIndexViewController.m */,
				C9D46C5817D57E7900D35C4A /* ISEntitiesAsResultsController.h */,
				C9D46C5917D57E7900D35C4A /* ISEntitiesAsResultsController.m */,
				C9D46C5A17D57E7900D35C4A /* ISResultsController.h */,
				C9D46C5B17D57E7900D35C4A /* ISResultsController.m */,
				C9D46C3117D57B1600D35C4A /* InfoStructure.h */,
				C9D46C3317D57B1600D35C4A /* InfoStructure.m */,
				C9D46C2F17D57B1600D35C4A /* Supporting Files */,
			);
			path = InfoStructure;
			sourceTree = "<group>";
		};
		C9D46C2F17D57B1600D35C4A /* Supporting Files */ = {
			isa = PBXGroup;
			children = (
				C9D46C3017D57B1600D35C4A /* InfoStructure-Prefix.pch */,
			);
			name = "Supporting Files";
			sourceTree = "<group>";
		};
		C9D46C4217D57B1600D35C4A /* InfoStructureTests */ = {
			isa = PBXGroup;
			children = (
				C9D46C4817D57B1600D35C4A /* InfoStructureTests.m */,
				C9D46C4317D57B1600D35C4A /* Supporting Files */,
				969D7A3617DBCB1D00E8EFD6 /* ISModelTests.m */,
			);
			path = InfoStructureTests;
			sourceTree = "<group>";
		};
		C9D46C4317D57B1600D35C4A /* Supporting Files */ = {
			isa = PBXGroup;
			children = (
				C9D46C4417D57B1600D35C4A /* InfoStructureTests-Info.plist */,
				C9D46C4517D57B1600D35C4A /* InfoPlist.strings */,
			);
			name = "Supporting Files";
			sourceTree = "<group>";
		};
		C9D46D0817D6DEEA00D35C4A /* extobjc */ = {
			isa = PBXGroup;
			children = (
				C9D46D0517D6DE7200D35C4A /* EXTRuntimeExtensions.h */,
				C9D46D0617D6DED500D35C4A /* EXTRuntimeExtensions.m */,
				C9D46D0217D6DE4700D35C4A /* EXTNil.h */,
				C9D46D0317D6DE4700D35C4A /* EXTNil.m */,
			);
			name = extobjc;
			sourceTree = "<group>";
		};
/* End PBXGroup section */

/* Begin PBXNativeTarget section */
		C9D46C2817D57B1600D35C4A /* InfoStructure */ = {
			isa = PBXNativeTarget;
			buildConfigurationList = C9D46C4C17D57B1600D35C4A /* Build configuration list for PBXNativeTarget "InfoStructure" */;
			buildPhases = (
				C9D46C2517D57B1600D35C4A /* Sources */,
				C9D46C2617D57B1600D35C4A /* Frameworks */,
				C9D46C2717D57B1600D35C4A /* CopyFiles */,
			);
			buildRules = (
			);
			dependencies = (
			);
			name = InfoStructure;
			productName = InfoStructure;
			productReference = C9D46C2917D57B1600D35C4A /* libInfoStructure.a */;
			productType = "com.apple.product-type.library.static";
		};
		C9D46C3817D57B1600D35C4A /* InfoStructureTests */ = {
			isa = PBXNativeTarget;
			buildConfigurationList = C9D46C4F17D57B1600D35C4A /* Build configuration list for PBXNativeTarget "InfoStructureTests" */;
			buildPhases = (
				C9D46C3517D57B1600D35C4A /* Sources */,
				C9D46C3617D57B1600D35C4A /* Frameworks */,
				C9D46C3717D57B1600D35C4A /* Resources */,
			);
			buildRules = (
			);
			dependencies = (
				C9D46C4017D57B1600D35C4A /* PBXTargetDependency */,
			);
			name = InfoStructureTests;
			productName = InfoStructureTests;
			productReference = C9D46C3917D57B1600D35C4A /* InfoStructureTests.xctest */;
			productType = "com.apple.product-type.bundle.unit-test";
		};
/* End PBXNativeTarget section */

/* Begin PBXProject section */
		C9D46C2117D57B1600D35C4A /* Project object */ = {
			isa = PBXProject;
			attributes = {
				LastUpgradeCheck = 0500;
				ORGANIZATIONNAME = "Jobe,Jason";
			};
			buildConfigurationList = C9D46C2417D57B1600D35C4A /* Build configuration list for PBXProject "InfoStructure" */;
			compatibilityVersion = "Xcode 3.2";
			developmentRegion = English;
			hasScannedForEncodings = 0;
			knownRegions = (
				en,
			);
			mainGroup = C9D46C2017D57B1600D35C4A;
			productRefGroup = C9D46C2A17D57B1600D35C4A /* Products */;
			projectDirPath = "";
			projectRoot = "";
			targets = (
				C9D46C2817D57B1600D35C4A /* InfoStructure */,
				C9D46C3817D57B1600D35C4A /* InfoStructureTests */,
			);
		};
/* End PBXProject section */

/* Begin PBXResourcesBuildPhase section */
		C9D46C3717D57B1600D35C4A /* Resources */ = {
			isa = PBXResourcesBuildPhase;
			buildActionMask = 2147483647;
			files = (
				C9D46C4717D57B1600D35C4A /* InfoPlist.strings in Resources */,
			);
			runOnlyForDeploymentPostprocessing = 0;
		};
/* End PBXResourcesBuildPhase section */

/* Begin PBXSourcesBuildPhase section */
		C9D46C2517D57B1600D35C4A /* Sources */ = {
			isa = PBXSourcesBuildPhase;
			buildActionMask = 2147483647;
			files = (
				C9D46C6017D57E7900D35C4A /* ISResultsController.m in Sources */,
				C9D46C5C17D57E7900D35C4A /* NSAttributeDescription+ValueCoercion.m in Sources */,
				C9D46C5E17D57E7900D35C4A /* ISIndexViewController.m in Sources */,
				969D7A3417DBCA4100E8EFD6 /* ISModelStore.m in Sources */,
				C9E0F3B217DAA72A00AB7ADC /* ISCommand.m in Sources */,
				C9D46C6617D619F600D35C4A /* ISRelay.m in Sources */,
				C9D46D0717D6DED500D35C4A /* EXTRuntimeExtensions.m in Sources */,
				C9D46C3417D57B1600D35C4A /* InfoStructure.m in Sources */,
				C9D46C5F17D57E7900D35C4A /* ISEntitiesAsResultsController.m in Sources */,
				C9D46C5D17D57E7900D35C4A /* ISTableViewController.m in Sources */,
				C9E0F3B517DAB01700AB7ADC /* ISCommandList.m in Sources */,
				C9D46D0417D6DE4700D35C4A /* EXTNil.m in Sources */,
			);
			runOnlyForDeploymentPostprocessing = 0;
		};
		C9D46C3517D57B1600D35C4A /* Sources */ = {
			isa = PBXSourcesBuildPhase;
			buildActionMask = 2147483647;
			files = (
				C9D46C4917D57B1600D35C4A /* InfoStructureTests.m in Sources */,
				969D7A3717DBCB1D00E8EFD6 /* ISModelTests.m in Sources */,
			);
			runOnlyForDeploymentPostprocessing = 0;
		};
/* End PBXSourcesBuildPhase section */

/* Begin PBXTargetDependency section */
		C9D46C4017D57B1600D35C4A /* PBXTargetDependency */ = {
			isa = PBXTargetDependency;
			target = C9D46C2817D57B1600D35C4A /* InfoStructure */;
			targetProxy = C9D46C3F17D57B1600D35C4A /* PBXContainerItemProxy */;
		};
/* End PBXTargetDependency section */

/* Begin PBXVariantGroup section */
		C9D46C4517D57B1600D35C4A /* InfoPlist.strings */ = {
			isa = PBXVariantGroup;
			children = (
				C9D46C4617D57B1600D35C4A /* en */,
			);
			name = InfoPlist.strings;
			sourceTree = "<group>";
		};
/* End PBXVariantGroup section */

/* Begin XCBuildConfiguration section */
		C9D46C4A17D57B1600D35C4A /* Debug */ = {
			isa = XCBuildConfiguration;
			buildSettings = {
				ALWAYS_SEARCH_USER_PATHS = NO;
				CLANG_CXX_LANGUAGE_STANDARD = "gnu++0x";
				CLANG_CXX_LIBRARY = "libc++";
				CLANG_ENABLE_MODULES = YES;
				CLANG_ENABLE_OBJC_ARC = YES;
				CLANG_WARN_BOOL_CONVERSION = YES;
				CLANG_WARN_CONSTANT_CONVERSION = YES;
				CLANG_WARN_DIRECT_OBJC_ISA_USAGE = YES_ERROR;
				CLANG_WARN_EMPTY_BODY = YES;
				CLANG_WARN_ENUM_CONVERSION = YES;
				CLANG_WARN_INT_CONVERSION = YES;
				CLANG_WARN_OBJC_ROOT_CLASS = YES_ERROR;
				CLANG_WARN__DUPLICATE_METHOD_MATCH = YES;
				COPY_PHASE_STRIP = NO;
				GCC_C_LANGUAGE_STANDARD = gnu99;
				GCC_DYNAMIC_NO_PIC = NO;
				GCC_OPTIMIZATION_LEVEL = 0;
				GCC_PREPROCESSOR_DEFINITIONS = (
					"DEBUG=1",
					"$(inherited)",
				);
				GCC_SYMBOLS_PRIVATE_EXTERN = NO;
				GCC_WARN_ABOUT_RETURN_TYPE = YES_ERROR;
				GCC_WARN_UNDECLARED_SELECTOR = YES;
				GCC_WARN_UNINITIALIZED_AUTOS = YES;
				GCC_WARN_UNUSED_FUNCTION = YES;
				GCC_WARN_UNUSED_VARIABLE = YES;
				IPHONEOS_DEPLOYMENT_TARGET = 6.1;
				ONLY_ACTIVE_ARCH = YES;
				SDKROOT = iphoneos;
			};
			name = Debug;
		};
		C9D46C4B17D57B1600D35C4A /* Release */ = {
			isa = XCBuildConfiguration;
			buildSettings = {
				ALWAYS_SEARCH_USER_PATHS = NO;
				CLANG_CXX_LANGUAGE_STANDARD = "gnu++0x";
				CLANG_CXX_LIBRARY = "libc++";
				CLANG_ENABLE_MODULES = YES;
				CLANG_ENABLE_OBJC_ARC = YES;
				CLANG_WARN_BOOL_CONVERSION = YES;
				CLANG_WARN_CONSTANT_CONVERSION = YES;
				CLANG_WARN_DIRECT_OBJC_ISA_USAGE = YES_ERROR;
				CLANG_WARN_EMPTY_BODY = YES;
				CLANG_WARN_ENUM_CONVERSION = YES;
				CLANG_WARN_INT_CONVERSION = YES;
				CLANG_WARN_OBJC_ROOT_CLASS = YES_ERROR;
				CLANG_WARN__DUPLICATE_METHOD_MATCH = YES;
				COPY_PHASE_STRIP = YES;
				ENABLE_NS_ASSERTIONS = NO;
				GCC_C_LANGUAGE_STANDARD = gnu99;
				GCC_WARN_ABOUT_RETURN_TYPE = YES_ERROR;
				GCC_WARN_UNDECLARED_SELECTOR = YES;
				GCC_WARN_UNINITIALIZED_AUTOS = YES;
				GCC_WARN_UNUSED_FUNCTION = YES;
				GCC_WARN_UNUSED_VARIABLE = YES;
				IPHONEOS_DEPLOYMENT_TARGET = 6.1;
				SDKROOT = iphoneos;
				VALIDATE_PRODUCT = YES;
			};
			name = Release;
		};
		C9D46C4D17D57B1600D35C4A /* Debug */ = {
			isa = XCBuildConfiguration;
			buildSettings = {
				DSTROOT = /tmp/InfoStructure.dst;
				GCC_PRECOMPILE_PREFIX_HEADER = YES;
				GCC_PREFIX_HEADER = "InfoStructure/InfoStructure-Prefix.pch";
				OTHER_LDFLAGS = "-ObjC";
				PRODUCT_NAME = "$(TARGET_NAME)";
				SKIP_INSTALL = YES;
			};
			name = Debug;
		};
		C9D46C4E17D57B1600D35C4A /* Release */ = {
			isa = XCBuildConfiguration;
			buildSettings = {
				DSTROOT = /tmp/InfoStructure.dst;
				GCC_PRECOMPILE_PREFIX_HEADER = YES;
				GCC_PREFIX_HEADER = "InfoStructure/InfoStructure-Prefix.pch";
				OTHER_LDFLAGS = "-ObjC";
				PRODUCT_NAME = "$(TARGET_NAME)";
				SKIP_INSTALL = YES;
			};
			name = Release;
		};
		C9D46C5017D57B1600D35C4A /* Debug */ = {
			isa = XCBuildConfiguration;
			buildSettings = {
				FRAMEWORK_SEARCH_PATHS = (
					"$(SDKROOT)/Developer/Library/Frameworks",
					"$(inherited)",
					"$(DEVELOPER_FRAMEWORKS_DIR)",
				);
				GCC_PRECOMPILE_PREFIX_HEADER = YES;
				GCC_PREFIX_HEADER = "InfoStructure/InfoStructure-Prefix.pch";
				GCC_PREPROCESSOR_DEFINITIONS = (
					"DEBUG=1",
					"$(inherited)",
				);
				INFOPLIST_FILE = "InfoStructureTests/InfoStructureTests-Info.plist";
				PRODUCT_NAME = "$(TARGET_NAME)";
				WRAPPER_EXTENSION = xctest;
			};
			name = Debug;
		};
		C9D46C5117D57B1600D35C4A /* Release */ = {
			isa = XCBuildConfiguration;
			buildSettings = {
				FRAMEWORK_SEARCH_PATHS = (
					"$(SDKROOT)/Developer/Library/Frameworks",
					"$(inherited)",
					"$(DEVELOPER_FRAMEWORKS_DIR)",
				);
				GCC_PRECOMPILE_PREFIX_HEADER = YES;
				GCC_PREFIX_HEADER = "InfoStructure/InfoStructure-Prefix.pch";
				INFOPLIST_FILE = "InfoStructureTests/InfoStructureTests-Info.plist";
				PRODUCT_NAME = "$(TARGET_NAME)";
				WRAPPER_EXTENSION = xctest;
			};
			name = Release;
		};
/* End XCBuildConfiguration section */

/* Begin XCConfigurationList section */
		C9D46C2417D57B1600D35C4A /* Build configuration list for PBXProject "InfoStructure" */ = {
			isa = XCConfigurationList;
			buildConfigurations = (
				C9D46C4A17D57B1600D35C4A /* Debug */,
				C9D46C4B17D57B1600D35C4A /* Release */,
			);
			defaultConfigurationIsVisible = 0;
			defaultConfigurationName = Release;
		};
		C9D46C4C17D57B1600D35C4A /* Build configuration list for PBXNativeTarget "InfoStructure" */ = {
			isa = XCConfigurationList;
			buildConfigurations = (
				C9D46C4D17D57B1600D35C4A /* Debug */,
				C9D46C4E17D57B1600D35C4A /* Release */,
			);
			defaultConfigurationIsVisible = 0;
			defaultConfigurationName = Release;
		};
		C9D46C4F17D57B1600D35C4A /* Build configuration list for PBXNativeTarget "InfoStructureTests" */ = {
			isa = XCConfigurationList;
			buildConfigurations = (
				C9D46C5017D57B1600D35C4A /* Debug */,
				C9D46C5117D57B1600D35C4A /* Release */,
			);
			defaultConfigurationIsVisible = 0;
			defaultConfigurationName = Release;
		};
/* End XCConfigurationList section */
	};
	rootObject = C9D46C2117D57B1600D35C4A /* Project object */;
}
